// !$*UTF8*$!
{
	archiveVersion = 1;
	classes = {
	};
	objectVersion = 56;
	objects = {

/* Begin PBXBuildFile section */
		844BF24F292D35ED005710AB /* AppDelegate.swift in Sources */ = {isa = PBXBuildFile; fileRef = 844BF24E292D35ED005710AB /* AppDelegate.swift */; };
		844BF251292D35ED005710AB /* SceneDelegate.swift in Sources */ = {isa = PBXBuildFile; fileRef = 844BF250292D35ED005710AB /* SceneDelegate.swift */; };
		844BF253292D35ED005710AB /* ViewController.swift in Sources */ = {isa = PBXBuildFile; fileRef = 844BF252292D35ED005710AB /* ViewController.swift */; };
		844BF258292D35EF005710AB /* Assets.xcassets in Resources */ = {isa = PBXBuildFile; fileRef = 844BF257292D35EF005710AB /* Assets.xcassets */; };
		844BF264292D46E6005710AB /* Reservations.swift in Sources */ = {isa = PBXBuildFile; fileRef = 844BF263292D46E6005710AB /* Reservations.swift */; };
		844BF266292D4734005710AB /* ParkingSpots.swift in Sources */ = {isa = PBXBuildFile; fileRef = 844BF265292D4734005710AB /* ParkingSpots.swift */; };
		844BF268292D4784005710AB /* Employee.swift in Sources */ = {isa = PBXBuildFile; fileRef = 844BF267292D4784005710AB /* Employee.swift */; };
		844BF26A292D47B0005710AB /* Car.swift in Sources */ = {isa = PBXBuildFile; fileRef = 844BF269292D47B0005710AB /* Car.swift */; };
		84B27D7429743E1D00F853DC /* LordOfNetwork in Frameworks */ = {isa = PBXBuildFile; productRef = 84B27D7329743E1D00F853DC /* LordOfNetwork */; };
		84D551E1293E6CEB0099FD93 /* SnapKit in Frameworks */ = {isa = PBXBuildFile; productRef = 84D551E0293E6CEB0099FD93 /* SnapKit */; };
/* End PBXBuildFile section */

/* Begin PBXFileReference section */
		844BF24B292D35ED005710AB /* BookingAParkingSpace.app */ = {isa = PBXFileReference; explicitFileType = wrapper.application; includeInIndex = 0; path = BookingAParkingSpace.app; sourceTree = BUILT_PRODUCTS_DIR; };
		844BF24E292D35ED005710AB /* AppDelegate.swift */ = {isa = PBXFileReference; lastKnownFileType = sourcecode.swift; path = AppDelegate.swift; sourceTree = "<group>"; };
		844BF250292D35ED005710AB /* SceneDelegate.swift */ = {isa = PBXFileReference; lastKnownFileType = sourcecode.swift; path = SceneDelegate.swift; sourceTree = "<group>"; };
		844BF252292D35ED005710AB /* ViewController.swift */ = {isa = PBXFileReference; lastKnownFileType = sourcecode.swift; path = ViewController.swift; sourceTree = "<group>"; };
		844BF257292D35EF005710AB /* Assets.xcassets */ = {isa = PBXFileReference; lastKnownFileType = folder.assetcatalog; path = Assets.xcassets; sourceTree = "<group>"; };
		844BF25C292D35EF005710AB /* Info.plist */ = {isa = PBXFileReference; lastKnownFileType = text.plist.xml; path = Info.plist; sourceTree = "<group>"; };
		844BF263292D46E6005710AB /* Reservations.swift */ = {isa = PBXFileReference; lastKnownFileType = sourcecode.swift; path = Reservations.swift; sourceTree = "<group>"; };
		844BF265292D4734005710AB /* ParkingSpots.swift */ = {isa = PBXFileReference; lastKnownFileType = sourcecode.swift; path = ParkingSpots.swift; sourceTree = "<group>"; };
		844BF267292D4784005710AB /* Employee.swift */ = {isa = PBXFileReference; lastKnownFileType = sourcecode.swift; path = Employee.swift; sourceTree = "<group>"; };
		844BF269292D47B0005710AB /* Car.swift */ = {isa = PBXFileReference; lastKnownFileType = sourcecode.swift; path = Car.swift; sourceTree = "<group>"; };
		84B27D7129743D3200F853DC /* LordOfNetwork */ = {isa = PBXFileReference; lastKnownFileType = wrapper; name = LordOfNetwork; path = LordOfNetwork/LordOfNetwork; sourceTree = "<group>"; };
/* End PBXFileReference section */

/* Begin PBXFrameworksBuildPhase section */
		844BF248292D35ED005710AB /* Frameworks */ = {
			isa = PBXFrameworksBuildPhase;
			buildActionMask = 2147483647;
			files = (
				84D551E1293E6CEB0099FD93 /* SnapKit in Frameworks */,
				84B27D7429743E1D00F853DC /* LordOfNetwork in Frameworks */,
			);
			runOnlyForDeploymentPostprocessing = 0;
		};
/* End PBXFrameworksBuildPhase section */

/* Begin PBXGroup section */
		844BF242292D35ED005710AB = {
			isa = PBXGroup;
			children = (
				84B27D632974397200F853DC /* Packages */,
				844BF24D292D35ED005710AB /* BookingAParkingSpace */,
				844BF24C292D35ED005710AB /* Products */,
				84B27D7229743E1D00F853DC /* Frameworks */,
			);
			sourceTree = "<group>";
		};
		844BF24C292D35ED005710AB /* Products */ = {
			isa = PBXGroup;
			children = (
				844BF24B292D35ED005710AB /* BookingAParkingSpace.app */,
			);
			name = Products;
			sourceTree = "<group>";
		};
		844BF24D292D35ED005710AB /* BookingAParkingSpace */ = {
			isa = PBXGroup;
			children = (
				844BF262292D45F6005710AB /* Models */,
				844BF24E292D35ED005710AB /* AppDelegate.swift */,
				844BF250292D35ED005710AB /* SceneDelegate.swift */,
				844BF252292D35ED005710AB /* ViewController.swift */,
				844BF257292D35EF005710AB /* Assets.xcassets */,
				844BF25C292D35EF005710AB /* Info.plist */,
			);
			path = BookingAParkingSpace;
			sourceTree = "<group>";
		};
		844BF262292D45F6005710AB /* Models */ = {
			isa = PBXGroup;
			children = (
				844BF263292D46E6005710AB /* Reservations.swift */,
				844BF265292D4734005710AB /* ParkingSpots.swift */,
				844BF267292D4784005710AB /* Employee.swift */,
				844BF269292D47B0005710AB /* Car.swift */,
			);
			path = Models;
			sourceTree = "<group>";
		};
		84B27D632974397200F853DC /* Packages */ = {
			isa = PBXGroup;
			children = (
				84B27D7129743D3200F853DC /* LordOfNetwork */,
			);
			name = Packages;
			sourceTree = "<group>";
		};
		84B27D7229743E1D00F853DC /* Frameworks */ = {
			isa = PBXGroup;
			children = (
			);
			name = Frameworks;
			sourceTree = "<group>";
		};
/* End PBXGroup section */

/* Begin PBXNativeTarget section */
		844BF24A292D35ED005710AB /* BookingAParkingSpace */ = {
			isa = PBXNativeTarget;
			buildConfigurationList = 844BF25F292D35EF005710AB /* Build configuration list for PBXNativeTarget "BookingAParkingSpace" */;
			buildPhases = (
				844BF247292D35ED005710AB /* Sources */,
				844BF248292D35ED005710AB /* Frameworks */,
				844BF249292D35ED005710AB /* Resources */,
			);
			buildRules = (
			);
			dependencies = (
			);
			name = BookingAParkingSpace;
			packageProductDependencies = (
				84D551E0293E6CEB0099FD93 /* SnapKit */,
				84B27D7329743E1D00F853DC /* LordOfNetwork */,
			);
			productName = BookingAParkingSpace;
			productReference = 844BF24B292D35ED005710AB /* BookingAParkingSpace.app */;
			productType = "com.apple.product-type.application";
		};
/* End PBXNativeTarget section */

/* Begin PBXProject section */
		844BF243292D35ED005710AB /* Project object */ = {
			isa = PBXProject;
			attributes = {
				BuildIndependentTargetsInParallel = 1;
				LastSwiftUpdateCheck = 1420;
				LastUpgradeCheck = 1410;
				TargetAttributes = {
					844BF24A292D35ED005710AB = {
						CreatedOnToolsVersion = 14.1;
					};
				};
			};
			buildConfigurationList = 844BF246292D35ED005710AB /* Build configuration list for PBXProject "BookingAParkingSpace" */;
			compatibilityVersion = "Xcode 14.0";
			developmentRegion = en;
			hasScannedForEncodings = 0;
			knownRegions = (
				en,
				Base,
			);
			mainGroup = 844BF242292D35ED005710AB;
			packageReferences = (
				84D551DF293E6CEB0099FD93 /* XCRemoteSwiftPackageReference "SnapKit" */,
			);
			productRefGroup = 844BF24C292D35ED005710AB /* Products */;
			projectDirPath = "";
			projectRoot = "";
			targets = (
				844BF24A292D35ED005710AB /* BookingAParkingSpace */,
			);
		};
/* End PBXProject section */

/* Begin PBXResourcesBuildPhase section */
		844BF249292D35ED005710AB /* Resources */ = {
			isa = PBXResourcesBuildPhase;
			buildActionMask = 2147483647;
			files = (
				844BF258292D35EF005710AB /* Assets.xcassets in Resources */,
			);
			runOnlyForDeploymentPostprocessing = 0;
		};
/* End PBXResourcesBuildPhase section */

/* Begin PBXSourcesBuildPhase section */
		844BF247292D35ED005710AB /* Sources */ = {
			isa = PBXSourcesBuildPhase;
			buildActionMask = 2147483647;
			files = (
				844BF253292D35ED005710AB /* ViewController.swift in Sources */,
				844BF268292D4784005710AB /* Employee.swift in Sources */,
				844BF24F292D35ED005710AB /* AppDelegate.swift in Sources */,
				844BF264292D46E6005710AB /* Reservations.swift in Sources */,
				844BF266292D4734005710AB /* ParkingSpots.swift in Sources */,
				844BF26A292D47B0005710AB /* Car.swift in Sources */,
				844BF251292D35ED005710AB /* SceneDelegate.swift in Sources */,
			);
			runOnlyForDeploymentPostprocessing = 0;
		};
/* End PBXSourcesBuildPhase section */

/* Begin XCBuildConfiguration section */
		844BF25D292D35EF005710AB /* Debug */ = {
			isa = XCBuildConfiguration;
			buildSettings = {
				ALWAYS_SEARCH_USER_PATHS = NO;
				CLANG_ANALYZER_NONNULL = YES;
				CLANG_ANALYZER_NUMBER_OBJECT_CONVERSION = YES_AGGRESSIVE;
				CLANG_CXX_LANGUAGE_STANDARD = "gnu++20";
				CLANG_ENABLE_MODULES = YES;
				CLANG_ENABLE_OBJC_ARC = YES;
				CLANG_ENABLE_OBJC_WEAK = YES;
				CLANG_WARN_BLOCK_CAPTURE_AUTORELEASING = YES;
				CLANG_WARN_BOOL_CONVERSION = YES;
				CLANG_WARN_COMMA = YES;
				CLANG_WARN_CONSTANT_CONVERSION = YES;
				CLANG_WARN_DEPRECATED_OBJC_IMPLEMENTATIONS = YES;
				CLANG_WARN_DIRECT_OBJC_ISA_USAGE = YES_ERROR;
				CLANG_WARN_DOCUMENTATION_COMMENTS = YES;
				CLANG_WARN_EMPTY_BODY = YES;
				CLANG_WARN_ENUM_CONVERSION = YES;
				CLANG_WARN_INFINITE_RECURSION = YES;
				CLANG_WARN_INT_CONVERSION = YES;
				CLANG_WARN_NON_LITERAL_NULL_CONVERSION = YES;
				CLANG_WARN_OBJC_IMPLICIT_RETAIN_SELF = YES;
				CLANG_WARN_OBJC_LITERAL_CONVERSION = YES;
				CLANG_WARN_OBJC_ROOT_CLASS = YES_ERROR;
				CLANG_WARN_QUOTED_INCLUDE_IN_FRAMEWORK_HEADER = YES;
				CLANG_WARN_RANGE_LOOP_ANALYSIS = YES;
				CLANG_WARN_STRICT_PROTOTYPES = YES;
				CLANG_WARN_SUSPICIOUS_MOVE = YES;
				CLANG_WARN_UNGUARDED_AVAILABILITY = YES_AGGRESSIVE;
				CLANG_WARN_UNREACHABLE_CODE = YES;
				CLANG_WARN__DUPLICATE_METHOD_MATCH = YES;
				COPY_PHASE_STRIP = NO;
				DEBUG_INFORMATION_FORMAT = dwarf;
				ENABLE_STRICT_OBJC_MSGSEND = YES;
				ENABLE_TESTABILITY = YES;
				GCC_C_LANGUAGE_STANDARD = gnu11;
				GCC_DYNAMIC_NO_PIC = NO;
				GCC_NO_COMMON_BLOCKS = YES;
				GCC_OPTIMIZATION_LEVEL = 0;
				GCC_PREPROCESSOR_DEFINITIONS = (
					"DEBUG=1",
					"$(inherited)",
				);
				GCC_WARN_64_TO_32_BIT_CONVERSION = YES;
				GCC_WARN_ABOUT_RETURN_TYPE = YES_ERROR;
				GCC_WARN_UNDECLARED_SELECTOR = YES;
				GCC_WARN_UNINITIALIZED_AUTOS = YES_AGGRESSIVE;
				GCC_WARN_UNUSED_FUNCTION = YES;
				GCC_WARN_UNUSED_VARIABLE = YES;
				IPHONEOS_DEPLOYMENT_TARGET = 16.1;
				MTL_ENABLE_DEBUG_INFO = INCLUDE_SOURCE;
				MTL_FAST_MATH = YES;
				ONLY_ACTIVE_ARCH = YES;
				SDKROOT = iphoneos;
				SWIFT_ACTIVE_COMPILATION_CONDITIONS = DEBUG;
				SWIFT_OPTIMIZATION_LEVEL = "-Onone";
			};
			name = Debug;
		};
		844BF25E292D35EF005710AB /* Release */ = {
			isa = XCBuildConfiguration;
			buildSettings = {
				ALWAYS_SEARCH_USER_PATHS = NO;
				CLANG_ANALYZER_NONNULL = YES;
				CLANG_ANALYZER_NUMBER_OBJECT_CONVERSION = YES_AGGRESSIVE;
				CLANG_CXX_LANGUAGE_STANDARD = "gnu++20";
				CLANG_ENABLE_MODULES = YES;
				CLANG_ENABLE_OBJC_ARC = YES;
				CLANG_ENABLE_OBJC_WEAK = YES;
				CLANG_WARN_BLOCK_CAPTURE_AUTORELEASING = YES;
				CLANG_WARN_BOOL_CONVERSION = YES;
				CLANG_WARN_COMMA = YES;
				CLANG_WARN_CONSTANT_CONVERSION = YES;
				CLANG_WARN_DEPRECATED_OBJC_IMPLEMENTATIONS = YES;
				CLANG_WARN_DIRECT_OBJC_ISA_USAGE = YES_ERROR;
				CLANG_WARN_DOCUMENTATION_COMMENTS = YES;
				CLANG_WARN_EMPTY_BODY = YES;
				CLANG_WARN_ENUM_CONVERSION = YES;
				CLANG_WARN_INFINITE_RECURSION = YES;
				CLANG_WARN_INT_CONVERSION = YES;
				CLANG_WARN_NON_LITERAL_NULL_CONVERSION = YES;
				CLANG_WARN_OBJC_IMPLICIT_RETAIN_SELF = YES;
				CLANG_WARN_OBJC_LITERAL_CONVERSION = YES;
				CLANG_WARN_OBJC_ROOT_CLASS = YES_ERROR;
				CLANG_WARN_QUOTED_INCLUDE_IN_FRAMEWORK_HEADER = YES;
				CLANG_WARN_RANGE_LOOP_ANALYSIS = YES;
				CLANG_WARN_STRICT_PROTOTYPES = YES;
				CLANG_WARN_SUSPICIOUS_MOVE = YES;
				CLANG_WARN_UNGUARDED_AVAILABILITY = YES_AGGRESSIVE;
				CLANG_WARN_UNREACHABLE_CODE = YES;
				CLANG_WARN__DUPLICATE_METHOD_MATCH = YES;
				COPY_PHASE_STRIP = NO;
				DEBUG_INFORMATION_FORMAT = "dwarf-with-dsym";
				ENABLE_NS_ASSERTIONS = NO;
				ENABLE_STRICT_OBJC_MSGSEND = YES;
				GCC_C_LANGUAGE_STANDARD = gnu11;
				GCC_NO_COMMON_BLOCKS = YES;
				GCC_WARN_64_TO_32_BIT_CONVERSION = YES;
				GCC_WARN_ABOUT_RETURN_TYPE = YES_ERROR;
				GCC_WARN_UNDECLARED_SELECTOR = YES;
				GCC_WARN_UNINITIALIZED_AUTOS = YES_AGGRESSIVE;
				GCC_WARN_UNUSED_FUNCTION = YES;
				GCC_WARN_UNUSED_VARIABLE = YES;
				IPHONEOS_DEPLOYMENT_TARGET = 16.1;
				MTL_ENABLE_DEBUG_INFO = NO;
				MTL_FAST_MATH = YES;
				SDKROOT = iphoneos;
				SWIFT_COMPILATION_MODE = wholemodule;
				SWIFT_OPTIMIZATION_LEVEL = "-O";
				VALIDATE_PRODUCT = YES;
			};
			name = Release;
		};
		844BF260292D35EF005710AB /* Debug */ = {
			isa = XCBuildConfiguration;
			buildSettings = {
				ASSETCATALOG_COMPILER_APPICON_NAME = AppIcon;
				ASSETCATALOG_COMPILER_GLOBAL_ACCENT_COLOR_NAME = AccentColor;
				CODE_SIGN_STYLE = Automatic;
				CURRENT_PROJECT_VERSION = 1;
				GENERATE_INFOPLIST_FILE = YES;
				INFOPLIST_FILE = BookingAParkingSpace/Info.plist;
				INFOPLIST_KEY_UIApplicationSupportsIndirectInputEvents = YES;
				INFOPLIST_KEY_UIStatusBarStyle = "";
				INFOPLIST_KEY_UISupportedInterfaceOrientations = UIInterfaceOrientationPortrait;
				INFOPLIST_KEY_UISupportedInterfaceOrientations_iPad = "UIInterfaceOrientationLandscapeLeft UIInterfaceOrientationLandscapeRight UIInterfaceOrientationPortrait UIInterfaceOrientationPortraitUpsideDown";
				IPHONEOS_DEPLOYMENT_TARGET = 14.0;
				LD_RUNPATH_SEARCH_PATHS = (
					"$(inherited)",
					"@executable_path/Frameworks",
				);
				MARKETING_VERSION = 1.0;
				PRODUCT_BUNDLE_IDENTIFIER = com.lexarelina.BookingAParkingSpace;
				PRODUCT_NAME = "$(TARGET_NAME)";
				SUPPORTED_PLATFORMS = "iphoneos iphonesimulator";
				SUPPORTS_MACCATALYST = NO;
				SUPPORTS_MAC_DESIGNED_FOR_IPHONE_IPAD = NO;
				SWIFT_EMIT_LOC_STRINGS = YES;
				SWIFT_VERSION = 5.0;
				TARGETED_DEVICE_FAMILY = 1;
			};
			name = Debug;
		};
		844BF261292D35EF005710AB /* Release */ = {
			isa = XCBuildConfiguration;
			buildSettings = {
				ASSETCATALOG_COMPILER_APPICON_NAME = AppIcon;
				ASSETCATALOG_COMPILER_GLOBAL_ACCENT_COLOR_NAME = AccentColor;
				CODE_SIGN_STYLE = Automatic;
				CURRENT_PROJECT_VERSION = 1;
				GENERATE_INFOPLIST_FILE = YES;
				INFOPLIST_FILE = BookingAParkingSpace/Info.plist;
				INFOPLIST_KEY_UIApplicationSupportsIndirectInputEvents = YES;
				INFOPLIST_KEY_UIStatusBarStyle = "";
				INFOPLIST_KEY_UISupportedInterfaceOrientations = UIInterfaceOrientationPortrait;
				INFOPLIST_KEY_UISupportedInterfaceOrientations_iPad = "UIInterfaceOrientationLandscapeLeft UIInterfaceOrientationLandscapeRight UIInterfaceOrientationPortrait UIInterfaceOrientationPortraitUpsideDown";
				IPHONEOS_DEPLOYMENT_TARGET = 14.0;
				LD_RUNPATH_SEARCH_PATHS = (
					"$(inherited)",
					"@executable_path/Frameworks",
				);
				MARKETING_VERSION = 1.0;
				PRODUCT_BUNDLE_IDENTIFIER = com.lexarelina.BookingAParkingSpace;
				PRODUCT_NAME = "$(TARGET_NAME)";
				SUPPORTED_PLATFORMS = "iphoneos iphonesimulator";
				SUPPORTS_MACCATALYST = NO;
				SUPPORTS_MAC_DESIGNED_FOR_IPHONE_IPAD = NO;
				SWIFT_EMIT_LOC_STRINGS = YES;
				SWIFT_VERSION = 5.0;
				TARGETED_DEVICE_FAMILY = 1;
			};
			name = Release;
		};
/* End XCBuildConfiguration section */

/* Begin XCConfigurationList section */
		844BF246292D35ED005710AB /* Build configuration list for PBXProject "BookingAParkingSpace" */ = {
			isa = XCConfigurationList;
			buildConfigurations = (
				844BF25D292D35EF005710AB /* Debug */,
				844BF25E292D35EF005710AB /* Release */,
			);
			defaultConfigurationIsVisible = 0;
			defaultConfigurationName = Release;
		};
		844BF25F292D35EF005710AB /* Build configuration list for PBXNativeTarget "BookingAParkingSpace" */ = {
			isa = XCConfigurationList;
			buildConfigurations = (
				844BF260292D35EF005710AB /* Debug */,
				844BF261292D35EF005710AB /* Release */,
			);
			defaultConfigurationIsVisible = 0;
			defaultConfigurationName = Release;
		};
/* End XCConfigurationList section */

/* Begin XCRemoteSwiftPackageReference section */
		84D551DF293E6CEB0099FD93 /* XCRemoteSwiftPackageReference "SnapKit" */ = {
			isa = XCRemoteSwiftPackageReference;
			repositoryURL = "https://github.com/SnapKit/SnapKit.git";
			requirement = {
				kind = upToNextMajorVersion;
				minimumVersion = 5.0.0;
			};
		};
/* End XCRemoteSwiftPackageReference section */

/* Begin XCSwiftPackageProductDependency section */
		84B27D7329743E1D00F853DC /* LordOfNetwork */ = {
			isa = XCSwiftPackageProductDependency;
			productName = LordOfNetwork;
		};
		84D551E0293E6CEB0099FD93 /* SnapKit */ = {
			isa = XCSwiftPackageProductDependency;
			package = 84D551DF293E6CEB0099FD93 /* XCRemoteSwiftPackageReference "SnapKit" */;
			productName = SnapKit;
		};
/* End XCSwiftPackageProductDependency section */
	};
	rootObject = 844BF243292D35ED005710AB /* Project object */;
}
