// !$*UTF8*$!
{
	archiveVersion = 1;
	classes = {
	};
	objectVersion = 56;
	objects = {

/* Begin PBXBuildFile section */
		844BF24F292D35ED005710AB /* AppDelegate.swift in Sources */ = {isa = PBXBuildFile; fileRef = 844BF24E292D35ED005710AB /* AppDelegate.swift */; };
		844BF251292D35ED005710AB /* SceneDelegate.swift in Sources */ = {isa = PBXBuildFile; fileRef = 844BF250292D35ED005710AB /* SceneDelegate.swift */; };
		844BF253292D35ED005710AB /* ViewController.swift in Sources */ = {isa = PBXBuildFile; fileRef = 844BF252292D35ED005710AB /* ViewController.swift */; };
		844BF258292D35EF005710AB /* Assets.xcassets in Resources */ = {isa = PBXBuildFile; fileRef = 844BF257292D35EF005710AB /* Assets.xcassets */; };
		844BF264292D46E6005710AB /* Reservations.swift in Sources */ = {isa = PBXBuildFile; fileRef = 844BF263292D46E6005710AB /* Reservations.swift */; };
		844BF266292D4734005710AB /* ParkingSpots.swift in Sources */ = {isa = PBXBuildFile; fileRef = 844BF265292D4734005710AB /* ParkingSpots.swift */; };
		844BF268292D4784005710AB /* Employee.swift in Sources */ = {isa = PBXBuildFile; fileRef = 844BF267292D4784005710AB /* Employee.swift */; };
		844BF26A292D47B0005710AB /* Car.swift in Sources */ = {isa = PBXBuildFile; fileRef = 844BF269292D47B0005710AB /* Car.swift */; };
		ED8344BD5111865FC059C7C0 /* Pods_BookingAParkingSpace.framework in Frameworks */ = {isa = PBXBuildFile; fileRef = 5E9D0F29D642160DD56AB835 /* Pods_BookingAParkingSpace.framework */; };
/* End PBXBuildFile section */

/* Begin PBXFileReference section */
		275655D431868E163DE171D2 /* Pods-BookingAParkingSpace.debug.xcconfig */ = {isa = PBXFileReference; includeInIndex = 1; lastKnownFileType = text.xcconfig; name = "Pods-BookingAParkingSpace.debug.xcconfig"; path = "Target Support Files/Pods-BookingAParkingSpace/Pods-BookingAParkingSpace.debug.xcconfig"; sourceTree = "<group>"; };
		5E9D0F29D642160DD56AB835 /* Pods_BookingAParkingSpace.framework */ = {isa = PBXFileReference; explicitFileType = wrapper.framework; includeInIndex = 0; path = Pods_BookingAParkingSpace.framework; sourceTree = BUILT_PRODUCTS_DIR; };
		6B47618772E4F4D3219290DD /* Pods-BookingAParkingSpace.release.xcconfig */ = {isa = PBXFileReference; includeInIndex = 1; lastKnownFileType = text.xcconfig; name = "Pods-BookingAParkingSpace.release.xcconfig"; path = "Target Support Files/Pods-BookingAParkingSpace/Pods-BookingAParkingSpace.release.xcconfig"; sourceTree = "<group>"; };
		844BF24B292D35ED005710AB /* BookingAParkingSpace.app */ = {isa = PBXFileReference; explicitFileType = wrapper.application; includeInIndex = 0; path = BookingAParkingSpace.app; sourceTree = BUILT_PRODUCTS_DIR; };
		844BF24E292D35ED005710AB /* AppDelegate.swift */ = {isa = PBXFileReference; lastKnownFileType = sourcecode.swift; path = AppDelegate.swift; sourceTree = "<group>"; };
		844BF250292D35ED005710AB /* SceneDelegate.swift */ = {isa = PBXFileReference; lastKnownFileType = sourcecode.swift; path = SceneDelegate.swift; sourceTree = "<group>"; };
		844BF252292D35ED005710AB /* ViewController.swift */ = {isa = PBXFileReference; lastKnownFileType = sourcecode.swift; path = ViewController.swift; sourceTree = "<group>"; };
		844BF257292D35EF005710AB /* Assets.xcassets */ = {isa = PBXFileReference; lastKnownFileType = folder.assetcatalog; path = Assets.xcassets; sourceTree = "<group>"; };
		844BF25C292D35EF005710AB /* Info.plist */ = {isa = PBXFileReference; lastKnownFileType = text.plist.xml; path = Info.plist; sourceTree = "<group>"; };
		844BF263292D46E6005710AB /* Reservations.swift */ = {isa = PBXFileReference; lastKnownFileType = sourcecode.swift; path = Reservations.swift; sourceTree = "<group>"; };
		844BF265292D4734005710AB /* ParkingSpots.swift */ = {isa = PBXFileReference; lastKnownFileType = sourcecode.swift; path = ParkingSpots.swift; sourceTree = "<group>"; };
		844BF267292D4784005710AB /* Employee.swift */ = {isa = PBXFileReference; lastKnownFileType = sourcecode.swift; path = Employee.swift; sourceTree = "<group>"; };
		844BF269292D47B0005710AB /* Car.swift */ = {isa = PBXFileReference; lastKnownFileType = sourcecode.swift; path = Car.swift; sourceTree = "<group>"; };
/* End PBXFileReference section */

/* Begin PBXFrameworksBuildPhase section */
		844BF248292D35ED005710AB /* Frameworks */ = {
			isa = PBXFrameworksBuildPhase;
			buildActionMask = 2147483647;
			files = (
				ED8344BD5111865FC059C7C0 /* Pods_BookingAParkingSpace.framework in Frameworks */,
			);
			runOnlyForDeploymentPostprocessing = 0;
		};
/* End PBXFrameworksBuildPhase section */

/* Begin PBXGroup section */
		56034CEC3B809AEAD4174DCF /* Frameworks */ = {
			isa = PBXGroup;
			children = (
				5E9D0F29D642160DD56AB835 /* Pods_BookingAParkingSpace.framework */,
			);
			name = Frameworks;
			sourceTree = "<group>";
		};
		844BF242292D35ED005710AB = {
			isa = PBXGroup;
			children = (
				844BF24D292D35ED005710AB /* BookingAParkingSpace */,
				844BF24C292D35ED005710AB /* Products */,
				E5911C26EDC6192650F76839 /* Pods */,
				56034CEC3B809AEAD4174DCF /* Frameworks */,
			);
			sourceTree = "<group>";
		};
		844BF24C292D35ED005710AB /* Products */ = {
			isa = PBXGroup;
			children = (
				844BF24B292D35ED005710AB /* BookingAParkingSpace.app */,
			);
			name = Products;
			sourceTree = "<group>";
		};
		844BF24D292D35ED005710AB /* BookingAParkingSpace */ = {
			isa = PBXGroup;
			children = (
				844BF262292D45F6005710AB /* Models */,
				844BF24E292D35ED005710AB /* AppDelegate.swift */,
				844BF250292D35ED005710AB /* SceneDelegate.swift */,
				844BF252292D35ED005710AB /* ViewController.swift */,
				844BF257292D35EF005710AB /* Assets.xcassets */,
				844BF25C292D35EF005710AB /* Info.plist */,
			);
			path = BookingAParkingSpace;
			sourceTree = "<group>";
		};
		844BF262292D45F6005710AB /* Models */ = {
			isa = PBXGroup;
			children = (
				844BF263292D46E6005710AB /* Reservations.swift */,
				844BF265292D4734005710AB /* ParkingSpots.swift */,
				844BF267292D4784005710AB /* Employee.swift */,
				844BF269292D47B0005710AB /* Car.swift */,
			);
			path = Models;
			sourceTree = "<group>";
		};
		E5911C26EDC6192650F76839 /* Pods */ = {
			isa = PBXGroup;
			children = (
				275655D431868E163DE171D2 /* Pods-BookingAParkingSpace.debug.xcconfig */,
				6B47618772E4F4D3219290DD /* Pods-BookingAParkingSpace.release.xcconfig */,
			);
			path = Pods;
			sourceTree = "<group>";
		};
/* End PBXGroup section */

/* Begin PBXNativeTarget section */
		844BF24A292D35ED005710AB /* BookingAParkingSpace */ = {
			isa = PBXNativeTarget;
			buildConfigurationList = 844BF25F292D35EF005710AB /* Build configuration list for PBXNativeTarget "BookingAParkingSpace" */;
			buildPhases = (
				53C16A6C1B46FAA4665B87F1 /* [CP] Check Pods Manifest.lock */,
				844BF247292D35ED005710AB /* Sources */,
				844BF248292D35ED005710AB /* Frameworks */,
				844BF249292D35ED005710AB /* Resources */,
				0E0F3B57CB85A5FF691F22BA /* [CP] Embed Pods Frameworks */,
			);
			buildRules = (
			);
			dependencies = (
			);
			name = BookingAParkingSpace;
			productName = BookingAParkingSpace;
			productReference = 844BF24B292D35ED005710AB /* BookingAParkingSpace.app */;
			productType = "com.apple.product-type.application";
		};
/* End PBXNativeTarget section */

/* Begin PBXProject section */
		844BF243292D35ED005710AB /* Project object */ = {
			isa = PBXProject;
			attributes = {
				BuildIndependentTargetsInParallel = 1;
				LastSwiftUpdateCheck = 1410;
				LastUpgradeCheck = 1410;
				TargetAttributes = {
					844BF24A292D35ED005710AB = {
						CreatedOnToolsVersion = 14.1;
					};
				};
			};
			buildConfigurationList = 844BF246292D35ED005710AB /* Build configuration list for PBXProject "BookingAParkingSpace" */;
			compatibilityVersion = "Xcode 14.0";
			developmentRegion = en;
			hasScannedForEncodings = 0;
			knownRegions = (
				en,
				Base,
			);
			mainGroup = 844BF242292D35ED005710AB;
			productRefGroup = 844BF24C292D35ED005710AB /* Products */;
			projectDirPath = "";
			projectRoot = "";
			targets = (
				844BF24A292D35ED005710AB /* BookingAParkingSpace */,
			);
		};
/* End PBXProject section */

/* Begin PBXResourcesBuildPhase section */
		844BF249292D35ED005710AB /* Resources */ = {
			isa = PBXResourcesBuildPhase;
			buildActionMask = 2147483647;
			files = (
				844BF258292D35EF005710AB /* Assets.xcassets in Resources */,
			);
			runOnlyForDeploymentPostprocessing = 0;
		};
/* End PBXResourcesBuildPhase section */

/* Begin PBXShellScriptBuildPhase section */
		0E0F3B57CB85A5FF691F22BA /* [CP] Embed Pods Frameworks */ = {
			isa = PBXShellScriptBuildPhase;
			buildActionMask = 2147483647;
			files = (
			);
			inputFileListPaths = (
				"${PODS_ROOT}/Target Support Files/Pods-BookingAParkingSpace/Pods-BookingAParkingSpace-frameworks-${CONFIGURATION}-input-files.xcfilelist",
			);
			name = "[CP] Embed Pods Frameworks";
			outputFileListPaths = (
				"${PODS_ROOT}/Target Support Files/Pods-BookingAParkingSpace/Pods-BookingAParkingSpace-frameworks-${CONFIGURATION}-output-files.xcfilelist",
			);
			runOnlyForDeploymentPostprocessing = 0;
			shellPath = /bin/sh;
			shellScript = "\"${PODS_ROOT}/Target Support Files/Pods-BookingAParkingSpace/Pods-BookingAParkingSpace-frameworks.sh\"\n";
			showEnvVarsInLog = 0;
		};
		53C16A6C1B46FAA4665B87F1 /* [CP] Check Pods Manifest.lock */ = {
			isa = PBXShellScriptBuildPhase;
			buildActionMask = 2147483647;
			files = (
			);
			inputFileListPaths = (
			);
			inputPaths = (
				"${PODS_PODFILE_DIR_PATH}/Podfile.lock",
				"${PODS_ROOT}/Manifest.lock",
			);
			name = "[CP] Check Pods Manifest.lock";
			outputFileListPaths = (
			);
			outputPaths = (
				"$(DERIVED_FILE_DIR)/Pods-BookingAParkingSpace-checkManifestLockResult.txt",
			);
			runOnlyForDeploymentPostprocessing = 0;
			shellPath = /bin/sh;
			shellScript = "diff \"${PODS_PODFILE_DIR_PATH}/Podfile.lock\" \"${PODS_ROOT}/Manifest.lock\" > /dev/null\nif [ $? != 0 ] ; then\n    # print error to STDERR\n    echo \"error: The sandbox is not in sync with the Podfile.lock. Run 'pod install' or update your CocoaPods installation.\" >&2\n    exit 1\nfi\n# This output is used by Xcode 'outputs' to avoid re-running this script phase.\necho \"SUCCESS\" > \"${SCRIPT_OUTPUT_FILE_0}\"\n";
			showEnvVarsInLog = 0;
		};
/* End PBXShellScriptBuildPhase section */

/* Begin PBXSourcesBuildPhase section */
		844BF247292D35ED005710AB /* Sources */ = {
			isa = PBXSourcesBuildPhase;
			buildActionMask = 2147483647;
			files = (
				844BF253292D35ED005710AB /* ViewController.swift in Sources */,
				844BF268292D4784005710AB /* Employee.swift in Sources */,
				844BF24F292D35ED005710AB /* AppDelegate.swift in Sources */,
				844BF264292D46E6005710AB /* Reservations.swift in Sources */,
				844BF266292D4734005710AB /* ParkingSpots.swift in Sources */,
				844BF26A292D47B0005710AB /* Car.swift in Sources */,
				844BF251292D35ED005710AB /* SceneDelegate.swift in Sources */,
			);
			runOnlyForDeploymentPostprocessing = 0;
		};
/* End PBXSourcesBuildPhase section */

/* Begin XCBuildConfiguration section */
		844BF25D292D35EF005710AB /* Debug */ = {
			isa = XCBuildConfiguration;
			buildSettings = {
				ALWAYS_SEARCH_USER_PATHS = NO;
				CLANG_ANALYZER_NONNULL = YES;
				CLANG_ANALYZER_NUMBER_OBJECT_CONVERSION = YES_AGGRESSIVE;
				CLANG_CXX_LANGUAGE_STANDARD = "gnu++20";
				CLANG_ENABLE_MODULES = YES;
				CLANG_ENABLE_OBJC_ARC = YES;
				CLANG_ENABLE_OBJC_WEAK = YES;
				CLANG_WARN_BLOCK_CAPTURE_AUTORELEASING = YES;
				CLANG_WARN_BOOL_CONVERSION = YES;
				CLANG_WARN_COMMA = YES;
				CLANG_WARN_CONSTANT_CONVERSION = YES;
				CLANG_WARN_DEPRECATED_OBJC_IMPLEMENTATIONS = YES;
				CLANG_WARN_DIRECT_OBJC_ISA_USAGE = YES_ERROR;
				CLANG_WARN_DOCUMENTATION_COMMENTS = YES;
				CLANG_WARN_EMPTY_BODY = YES;
				CLANG_WARN_ENUM_CONVERSION = YES;
				CLANG_WARN_INFINITE_RECURSION = YES;
				CLANG_WARN_INT_CONVERSION = YES;
				CLANG_WARN_NON_LITERAL_NULL_CONVERSION = YES;
				CLANG_WARN_OBJC_IMPLICIT_RETAIN_SELF = YES;
				CLANG_WARN_OBJC_LITERAL_CONVERSION = YES;
				CLANG_WARN_OBJC_ROOT_CLASS = YES_ERROR;
				CLANG_WARN_QUOTED_INCLUDE_IN_FRAMEWORK_HEADER = YES;
				CLANG_WARN_RANGE_LOOP_ANALYSIS = YES;
				CLANG_WARN_STRICT_PROTOTYPES = YES;
				CLANG_WARN_SUSPICIOUS_MOVE = YES;
				CLANG_WARN_UNGUARDED_AVAILABILITY = YES_AGGRESSIVE;
				CLANG_WARN_UNREACHABLE_CODE = YES;
				CLANG_WARN__DUPLICATE_METHOD_MATCH = YES;
				COPY_PHASE_STRIP = NO;
				DEBUG_INFORMATION_FORMAT = dwarf;
				ENABLE_STRICT_OBJC_MSGSEND = YES;
				ENABLE_TESTABILITY = YES;
				GCC_C_LANGUAGE_STANDARD = gnu11;
				GCC_DYNAMIC_NO_PIC = NO;
				GCC_NO_COMMON_BLOCKS = YES;
				GCC_OPTIMIZATION_LEVEL = 0;
				GCC_PREPROCESSOR_DEFINITIONS = (
					"DEBUG=1",
					"$(inherited)",
				);
				GCC_WARN_64_TO_32_BIT_CONVERSION = YES;
				GCC_WARN_ABOUT_RETURN_TYPE = YES_ERROR;
				GCC_WARN_UNDECLARED_SELECTOR = YES;
				GCC_WARN_UNINITIALIZED_AUTOS = YES_AGGRESSIVE;
				GCC_WARN_UNUSED_FUNCTION = YES;
				GCC_WARN_UNUSED_VARIABLE = YES;
				IPHONEOS_DEPLOYMENT_TARGET = 16.1;
				MTL_ENABLE_DEBUG_INFO = INCLUDE_SOURCE;
				MTL_FAST_MATH = YES;
				ONLY_ACTIVE_ARCH = YES;
				SDKROOT = iphoneos;
				SWIFT_ACTIVE_COMPILATION_CONDITIONS = DEBUG;
				SWIFT_OPTIMIZATION_LEVEL = "-Onone";
			};
			name = Debug;
		};
		844BF25E292D35EF005710AB /* Release */ = {
			isa = XCBuildConfiguration;
			buildSettings = {
				ALWAYS_SEARCH_USER_PATHS = NO;
				CLANG_ANALYZER_NONNULL = YES;
				CLANG_ANALYZER_NUMBER_OBJECT_CONVERSION = YES_AGGRESSIVE;
				CLANG_CXX_LANGUAGE_STANDARD = "gnu++20";
				CLANG_ENABLE_MODULES = YES;
				CLANG_ENABLE_OBJC_ARC = YES;
				CLANG_ENABLE_OBJC_WEAK = YES;
				CLANG_WARN_BLOCK_CAPTURE_AUTORELEASING = YES;
				CLANG_WARN_BOOL_CONVERSION = YES;
				CLANG_WARN_COMMA = YES;
				CLANG_WARN_CONSTANT_CONVERSION = YES;
				CLANG_WARN_DEPRECATED_OBJC_IMPLEMENTATIONS = YES;
				CLANG_WARN_DIRECT_OBJC_ISA_USAGE = YES_ERROR;
				CLANG_WARN_DOCUMENTATION_COMMENTS = YES;
				CLANG_WARN_EMPTY_BODY = YES;
				CLANG_WARN_ENUM_CONVERSION = YES;
				CLANG_WARN_INFINITE_RECURSION = YES;
				CLANG_WARN_INT_CONVERSION = YES;
				CLANG_WARN_NON_LITERAL_NULL_CONVERSION = YES;
				CLANG_WARN_OBJC_IMPLICIT_RETAIN_SELF = YES;
				CLANG_WARN_OBJC_LITERAL_CONVERSION = YES;
				CLANG_WARN_OBJC_ROOT_CLASS = YES_ERROR;
				CLANG_WARN_QUOTED_INCLUDE_IN_FRAMEWORK_HEADER = YES;
				CLANG_WARN_RANGE_LOOP_ANALYSIS = YES;
				CLANG_WARN_STRICT_PROTOTYPES = YES;
				CLANG_WARN_SUSPICIOUS_MOVE = YES;
				CLANG_WARN_UNGUARDED_AVAILABILITY = YES_AGGRESSIVE;
				CLANG_WARN_UNREACHABLE_CODE = YES;
				CLANG_WARN__DUPLICATE_METHOD_MATCH = YES;
				COPY_PHASE_STRIP = NO;
				DEBUG_INFORMATION_FORMAT = "dwarf-with-dsym";
				ENABLE_NS_ASSERTIONS = NO;
				ENABLE_STRICT_OBJC_MSGSEND = YES;
				GCC_C_LANGUAGE_STANDARD = gnu11;
				GCC_NO_COMMON_BLOCKS = YES;
				GCC_WARN_64_TO_32_BIT_CONVERSION = YES;
				GCC_WARN_ABOUT_RETURN_TYPE = YES_ERROR;
				GCC_WARN_UNDECLARED_SELECTOR = YES;
				GCC_WARN_UNINITIALIZED_AUTOS = YES_AGGRESSIVE;
				GCC_WARN_UNUSED_FUNCTION = YES;
				GCC_WARN_UNUSED_VARIABLE = YES;
				IPHONEOS_DEPLOYMENT_TARGET = 16.1;
				MTL_ENABLE_DEBUG_INFO = NO;
				MTL_FAST_MATH = YES;
				SDKROOT = iphoneos;
				SWIFT_COMPILATION_MODE = wholemodule;
				SWIFT_OPTIMIZATION_LEVEL = "-O";
				VALIDATE_PRODUCT = YES;
			};
			name = Release;
		};
		844BF260292D35EF005710AB /* Debug */ = {
			isa = XCBuildConfiguration;
			baseConfigurationReference = 275655D431868E163DE171D2 /* Pods-BookingAParkingSpace.debug.xcconfig */;
			buildSettings = {
				ASSETCATALOG_COMPILER_APPICON_NAME = AppIcon;
				ASSETCATALOG_COMPILER_GLOBAL_ACCENT_COLOR_NAME = AccentColor;
				CODE_SIGN_STYLE = Automatic;
				CURRENT_PROJECT_VERSION = 1;
				GENERATE_INFOPLIST_FILE = YES;
				INFOPLIST_FILE = BookingAParkingSpace/Info.plist;
				INFOPLIST_KEY_UIApplicationSupportsIndirectInputEvents = YES;
				INFOPLIST_KEY_UIStatusBarStyle = "";
				INFOPLIST_KEY_UISupportedInterfaceOrientations = UIInterfaceOrientationPortrait;
				INFOPLIST_KEY_UISupportedInterfaceOrientations_iPad = "UIInterfaceOrientationLandscapeLeft UIInterfaceOrientationLandscapeRight UIInterfaceOrientationPortrait UIInterfaceOrientationPortraitUpsideDown";
				IPHONEOS_DEPLOYMENT_TARGET = 14.0;
				LD_RUNPATH_SEARCH_PATHS = (
					"$(inherited)",
					"@executable_path/Frameworks",
				);
				MARKETING_VERSION = 1.0;
				PRODUCT_BUNDLE_IDENTIFIER = com.lexarelina.BookingAParkingSpace;
				PRODUCT_NAME = "$(TARGET_NAME)";
				SUPPORTED_PLATFORMS = "iphoneos iphonesimulator";
				SUPPORTS_MACCATALYST = NO;
				SUPPORTS_MAC_DESIGNED_FOR_IPHONE_IPAD = NO;
				SWIFT_EMIT_LOC_STRINGS = YES;
				SWIFT_VERSION = 5.0;
				TARGETED_DEVICE_FAMILY = 1;
			};
			name = Debug;
		};
		844BF261292D35EF005710AB /* Release */ = {
			isa = XCBuildConfiguration;
			baseConfigurationReference = 6B47618772E4F4D3219290DD /* Pods-BookingAParkingSpace.release.xcconfig */;
			buildSettings = {
				ASSETCATALOG_COMPILER_APPICON_NAME = AppIcon;
				ASSETCATALOG_COMPILER_GLOBAL_ACCENT_COLOR_NAME = AccentColor;
				CODE_SIGN_STYLE = Automatic;
				CURRENT_PROJECT_VERSION = 1;
				GENERATE_INFOPLIST_FILE = YES;
				INFOPLIST_FILE = BookingAParkingSpace/Info.plist;
				INFOPLIST_KEY_UIApplicationSupportsIndirectInputEvents = YES;
				INFOPLIST_KEY_UIStatusBarStyle = "";
				INFOPLIST_KEY_UISupportedInterfaceOrientations = UIInterfaceOrientationPortrait;
				INFOPLIST_KEY_UISupportedInterfaceOrientations_iPad = "UIInterfaceOrientationLandscapeLeft UIInterfaceOrientationLandscapeRight UIInterfaceOrientationPortrait UIInterfaceOrientationPortraitUpsideDown";
				IPHONEOS_DEPLOYMENT_TARGET = 14.0;
				LD_RUNPATH_SEARCH_PATHS = (
					"$(inherited)",
					"@executable_path/Frameworks",
				);
				MARKETING_VERSION = 1.0;
				PRODUCT_BUNDLE_IDENTIFIER = com.lexarelina.BookingAParkingSpace;
				PRODUCT_NAME = "$(TARGET_NAME)";
				SUPPORTED_PLATFORMS = "iphoneos iphonesimulator";
				SUPPORTS_MACCATALYST = NO;
				SUPPORTS_MAC_DESIGNED_FOR_IPHONE_IPAD = NO;
				SWIFT_EMIT_LOC_STRINGS = YES;
				SWIFT_VERSION = 5.0;
				TARGETED_DEVICE_FAMILY = 1;
			};
			name = Release;
		};
/* End XCBuildConfiguration section */

/* Begin XCConfigurationList section */
		844BF246292D35ED005710AB /* Build configuration list for PBXProject "BookingAParkingSpace" */ = {
			isa = XCConfigurationList;
			buildConfigurations = (
				844BF25D292D35EF005710AB /* Debug */,
				844BF25E292D35EF005710AB /* Release */,
			);
			defaultConfigurationIsVisible = 0;
			defaultConfigurationName = Release;
		};
		844BF25F292D35EF005710AB /* Build configuration list for PBXNativeTarget "BookingAParkingSpace" */ = {
			isa = XCConfigurationList;
			buildConfigurations = (
				844BF260292D35EF005710AB /* Debug */,
				844BF261292D35EF005710AB /* Release */,
			);
			defaultConfigurationIsVisible = 0;
			defaultConfigurationName = Release;
		};
/* End XCConfigurationList section */
	};
	rootObject = 844BF243292D35ED005710AB /* Project object */;
}
